
Microsoft Visual Studio Solution File, Format Version 12.00
# Visual Studio Version 17
VisualStudioVersion = 17.9.34723.18
MinimumVisualStudioVersion = 10.0.40219.1
Project("{9A19103F-16F7-4668-BE54-9A1E7A4F7556}") = "WebScrapeWidget", "WebScrapeWidget\WebScrapeWidget.csproj", "{40AEEA43-D946-45AB-9A95-1C19ACB5C431}"
EndProject
Project("{FAE04EC0-301F-11D3-BF4B-00C04F79EFBC}") = "WebScrapeWidgetTests", "WebScrapeWidgetTests\WebScrapeWidgetTests.csproj", "{375690E8-0DD6-4168-91AC-C8187EAD7E12}"
EndProject
Global
	GlobalSection(SolutionConfigurationPlatforms) = preSolution
		Debug|Any CPU = Debug|Any CPU
		Release|Any CPU = Release|Any CPU
	EndGlobalSection
	GlobalSection(ProjectConfigurationPlatforms) = postSolution
		{40AEEA43-D946-45AB-9A95-1C19ACB5C431}.Debug|Any CPU.ActiveCfg = Debug|Any CPU
		{40AEEA43-D946-45AB-9A95-1C19ACB5C431}.Debug|Any CPU.Build.0 = Debug|Any CPU
		{40AEEA43-D946-45AB-9A95-1C19ACB5C431}.Release|Any CPU.ActiveCfg = Release|Any CPU
		{40AEEA43-D946-45AB-9A95-1C19ACB5C431}.Release|Any CPU.Build.0 = Release|Any CPU
		{375690E8-0DD6-4168-91AC-C8187EAD7E12}.Debug|Any CPU.ActiveCfg = Debug|Any CPU
		{375690E8-0DD6-4168-91AC-C8187EAD7E12}.Debug|Any CPU.Build.0 = Debug|Any CPU
		{375690E8-0DD6-4168-91AC-C8187EAD7E12}.Release|Any CPU.ActiveCfg = Release|Any CPU
		{375690E8-0DD6-4168-91AC-C8187EAD7E12}.Release|Any CPU.Build.0 = Release|Any CPU
	EndGlobalSection
	GlobalSection(SolutionProperties) = preSolution
		HideSolutionNode = FALSE
	EndGlobalSection
	GlobalSection(ExtensibilityGlobals) = postSolution
		SolutionGuid = {991A01BD-3163-4093-9DA9-1FDE09F9AA86}
	EndGlobalSection
EndGlobal
